
Microsoft Visual Studio Solution File, Format Version 12.00
Project("{FAE04EC0-301F-11D3-BF4B-00C04F79EFBC}") = "TestProject", "TestProject\TestProject.csproj", "{DB0E2C10-198C-4176-9FD3-C8D218B0F19A}"
EndProject
Global
	GlobalSection(SolutionConfigurationPlatforms) = preSolution
		Debug|Any CPU = Debug|Any CPU
		Release|Any CPU = Release|Any CPU
	EndGlobalSection
	GlobalSection(ProjectConfigurationPlatforms) = postSolution
		{DB0E2C10-198C-4176-9FD3-C8D218B0F19A}.Debug|Any CPU.ActiveCfg = Debug|Any CPU
		{DB0E2C10-198C-4176-9FD3-C8D218B0F19A}.Debug|Any CPU.Build.0 = Debug|Any CPU
		{DB0E2C10-198C-4176-9FD3-C8D218B0F19A}.Release|Any CPU.ActiveCfg = Release|Any CPU
		{DB0E2C10-198C-4176-9FD3-C8D218B0F19A}.Release|Any CPU.Build.0 = Release|Any CPU
	EndGlobalSection
EndGlobal
